// !$*UTF8*$!
{
	archiveVersion = 1;
	classes = {
	};
	objectVersion = 55;
	objects = {

/* Begin PBXBuildFile section */
		02A6188327EB5FFE0073E0F5 /* AppDelegate.swift in Sources */ = {isa = PBXBuildFile; fileRef = 02A6188227EB5FFE0073E0F5 /* AppDelegate.swift */; };
		02A6188527EB5FFE0073E0F5 /* SceneDelegate.swift in Sources */ = {isa = PBXBuildFile; fileRef = 02A6188427EB5FFE0073E0F5 /* SceneDelegate.swift */; };
		02A6188727EB5FFE0073E0F5 /* LoginViewController.swift in Sources */ = {isa = PBXBuildFile; fileRef = 02A6188627EB5FFE0073E0F5 /* LoginViewController.swift */; };
		02A6188A27EB5FFE0073E0F5 /* Main.storyboard in Resources */ = {isa = PBXBuildFile; fileRef = 02A6188827EB5FFE0073E0F5 /* Main.storyboard */; };
		02A6188C27EB60020073E0F5 /* Assets.xcassets in Resources */ = {isa = PBXBuildFile; fileRef = 02A6188B27EB60020073E0F5 /* Assets.xcassets */; };
		02A6188F27EB60020073E0F5 /* LaunchScreen.storyboard in Resources */ = {isa = PBXBuildFile; fileRef = 02A6188D27EB60020073E0F5 /* LaunchScreen.storyboard */; };
		02A6189A27EB60020073E0F5 /* loginscreenTests.swift in Sources */ = {isa = PBXBuildFile; fileRef = 02A6189927EB60020073E0F5 /* loginscreenTests.swift */; };
		02A618A427EB60020073E0F5 /* loginscreenUITests.swift in Sources */ = {isa = PBXBuildFile; fileRef = 02A618A327EB60020073E0F5 /* loginscreenUITests.swift */; };
		02A618A627EB60020073E0F5 /* loginscreenUITestsLaunchTests.swift in Sources */ = {isa = PBXBuildFile; fileRef = 02A618A527EB60020073E0F5 /* loginscreenUITestsLaunchTests.swift */; };
		02F7EF1027EB82F60023DBFC /* SettingViewController.swift in Sources */ = {isa = PBXBuildFile; fileRef = 02F7EF0F27EB82F60023DBFC /* SettingViewController.swift */; };
/* End PBXBuildFile section */

/* Begin PBXContainerItemProxy section */
		02A6189627EB60020073E0F5 /* PBXContainerItemProxy */ = {
			isa = PBXContainerItemProxy;
			containerPortal = 02A6187727EB5FFE0073E0F5 /* Project object */;
			proxyType = 1;
			remoteGlobalIDString = 02A6187E27EB5FFE0073E0F5;
			remoteInfo = loginscreen;
		};
		02A618A027EB60020073E0F5 /* PBXContainerItemProxy */ = {
			isa = PBXContainerItemProxy;
			containerPortal = 02A6187727EB5FFE0073E0F5 /* Project object */;
			proxyType = 1;
			remoteGlobalIDString = 02A6187E27EB5FFE0073E0F5;
			remoteInfo = loginscreen;
		};
/* End PBXContainerItemProxy section */

/* Begin PBXFileReference section */
		02A6187F27EB5FFE0073E0F5 /* loginscreen.app */ = {isa = PBXFileReference; explicitFileType = wrapper.application; includeInIndex = 0; path = loginscreen.app; sourceTree = BUILT_PRODUCTS_DIR; };
		02A6188227EB5FFE0073E0F5 /* AppDelegate.swift */ = {isa = PBXFileReference; lastKnownFileType = sourcecode.swift; path = AppDelegate.swift; sourceTree = "<group>"; };
		02A6188427EB5FFE0073E0F5 /* SceneDelegate.swift */ = {isa = PBXFileReference; lastKnownFileType = sourcecode.swift; path = SceneDelegate.swift; sourceTree = "<group>"; };
		02A6188627EB5FFE0073E0F5 /* LoginViewController.swift */ = {isa = PBXFileReference; lastKnownFileType = sourcecode.swift; path = LoginViewController.swift; sourceTree = "<group>"; };
		02A6188927EB5FFE0073E0F5 /* Base */ = {isa = PBXFileReference; lastKnownFileType = file.storyboard; name = Base; path = Base.lproj/Main.storyboard; sourceTree = "<group>"; };
		02A6188B27EB60020073E0F5 /* Assets.xcassets */ = {isa = PBXFileReference; lastKnownFileType = folder.assetcatalog; path = Assets.xcassets; sourceTree = "<group>"; };
		02A6188E27EB60020073E0F5 /* Base */ = {isa = PBXFileReference; lastKnownFileType = file.storyboard; name = Base; path = Base.lproj/LaunchScreen.storyboard; sourceTree = "<group>"; };
		02A6189027EB60020073E0F5 /* Info.plist */ = {isa = PBXFileReference; lastKnownFileType = text.plist.xml; path = Info.plist; sourceTree = "<group>"; };
		02A6189527EB60020073E0F5 /* loginscreenTests.xctest */ = {isa = PBXFileReference; explicitFileType = wrapper.cfbundle; includeInIndex = 0; path = loginscreenTests.xctest; sourceTree = BUILT_PRODUCTS_DIR; };
		02A6189927EB60020073E0F5 /* loginscreenTests.swift */ = {isa = PBXFileReference; lastKnownFileType = sourcecode.swift; path = loginscreenTests.swift; sourceTree = "<group>"; };
		02A6189F27EB60020073E0F5 /* loginscreenUITests.xctest */ = {isa = PBXFileReference; explicitFileType = wrapper.cfbundle; includeInIndex = 0; path = loginscreenUITests.xctest; sourceTree = BUILT_PRODUCTS_DIR; };
		02A618A327EB60020073E0F5 /* loginscreenUITests.swift */ = {isa = PBXFileReference; lastKnownFileType = sourcecode.swift; path = loginscreenUITests.swift; sourceTree = "<group>"; };
		02A618A527EB60020073E0F5 /* loginscreenUITestsLaunchTests.swift */ = {isa = PBXFileReference; lastKnownFileType = sourcecode.swift; path = loginscreenUITestsLaunchTests.swift; sourceTree = "<group>"; };
		02F7EF0F27EB82F60023DBFC /* SettingViewController.swift */ = {isa = PBXFileReference; lastKnownFileType = sourcecode.swift; path = SettingViewController.swift; sourceTree = "<group>"; };
/* End PBXFileReference section */

/* Begin PBXFrameworksBuildPhase section */
		02A6187C27EB5FFE0073E0F5 /* Frameworks */ = {
			isa = PBXFrameworksBuildPhase;
			buildActionMask = 2147483647;
			files = (
			);
			runOnlyForDeploymentPostprocessing = 0;
		};
		02A6189227EB60020073E0F5 /* Frameworks */ = {
			isa = PBXFrameworksBuildPhase;
			buildActionMask = 2147483647;
			files = (
			);
			runOnlyForDeploymentPostprocessing = 0;
		};
		02A6189C27EB60020073E0F5 /* Frameworks */ = {
			isa = PBXFrameworksBuildPhase;
			buildActionMask = 2147483647;
			files = (
			);
			runOnlyForDeploymentPostprocessing = 0;
		};
/* End PBXFrameworksBuildPhase section */

/* Begin PBXGroup section */
		02A6187627EB5FFE0073E0F5 = {
			isa = PBXGroup;
			children = (
				02A6188127EB5FFE0073E0F5 /* loginscreen */,
				02A6189827EB60020073E0F5 /* loginscreenTests */,
				02A618A227EB60020073E0F5 /* loginscreenUITests */,
				02A6188027EB5FFE0073E0F5 /* Products */,
			);
			sourceTree = "<group>";
		};
		02A6188027EB5FFE0073E0F5 /* Products */ = {
			isa = PBXGroup;
			children = (
				02A6187F27EB5FFE0073E0F5 /* loginscreen.app */,
				02A6189527EB60020073E0F5 /* loginscreenTests.xctest */,
				02A6189F27EB60020073E0F5 /* loginscreenUITests.xctest */,
			);
			name = Products;
			sourceTree = "<group>";
		};
		02A6188127EB5FFE0073E0F5 /* loginscreen */ = {
			isa = PBXGroup;
			children = (
				02A6188227EB5FFE0073E0F5 /* AppDelegate.swift */,
				02A6188427EB5FFE0073E0F5 /* SceneDelegate.swift */,
				02A6188627EB5FFE0073E0F5 /* LoginViewController.swift */,
				02A6188827EB5FFE0073E0F5 /* Main.storyboard */,
				02A6188B27EB60020073E0F5 /* Assets.xcassets */,
				02A6188D27EB60020073E0F5 /* LaunchScreen.storyboard */,
				02A6189027EB60020073E0F5 /* Info.plist */,
				02F7EF0F27EB82F60023DBFC /* SettingViewController.swift */,
			);
			path = loginscreen;
			sourceTree = "<group>";
		};
		02A6189827EB60020073E0F5 /* loginscreenTests */ = {
			isa = PBXGroup;
			children = (
				02A6189927EB60020073E0F5 /* loginscreenTests.swift */,
			);
			path = loginscreenTests;
			sourceTree = "<group>";
		};
		02A618A227EB60020073E0F5 /* loginscreenUITests */ = {
			isa = PBXGroup;
			children = (
				02A618A327EB60020073E0F5 /* loginscreenUITests.swift */,
				02A618A527EB60020073E0F5 /* loginscreenUITestsLaunchTests.swift */,
			);
			path = loginscreenUITests;
			sourceTree = "<group>";
		};
/* End PBXGroup section */

/* Begin PBXNativeTarget section */
		02A6187E27EB5FFE0073E0F5 /* loginscreen */ = {
			isa = PBXNativeTarget;
			buildConfigurationList = 02A618A927EB60020073E0F5 /* Build configuration list for PBXNativeTarget "loginscreen" */;
			buildPhases = (
				02A6187B27EB5FFE0073E0F5 /* Sources */,
				02A6187C27EB5FFE0073E0F5 /* Frameworks */,
				02A6187D27EB5FFE0073E0F5 /* Resources */,
			);
			buildRules = (
			);
			dependencies = (
			);
			name = loginscreen;
			productName = loginscreen;
			productReference = 02A6187F27EB5FFE0073E0F5 /* loginscreen.app */;
			productType = "com.apple.product-type.application";
		};
		02A6189427EB60020073E0F5 /* loginscreenTests */ = {
			isa = PBXNativeTarget;
			buildConfigurationList = 02A618AC27EB60020073E0F5 /* Build configuration list for PBXNativeTarget "loginscreenTests" */;
			buildPhases = (
				02A6189127EB60020073E0F5 /* Sources */,
				02A6189227EB60020073E0F5 /* Frameworks */,
				02A6189327EB60020073E0F5 /* Resources */,
			);
			buildRules = (
			);
			dependencies = (
				02A6189727EB60020073E0F5 /* PBXTargetDependency */,
			);
			name = loginscreenTests;
			productName = loginscreenTests;
			productReference = 02A6189527EB60020073E0F5 /* loginscreenTests.xctest */;
			productType = "com.apple.product-type.bundle.unit-test";
		};
		02A6189E27EB60020073E0F5 /* loginscreenUITests */ = {
			isa = PBXNativeTarget;
			buildConfigurationList = 02A618AF27EB60020073E0F5 /* Build configuration list for PBXNativeTarget "loginscreenUITests" */;
			buildPhases = (
				02A6189B27EB60020073E0F5 /* Sources */,
				02A6189C27EB60020073E0F5 /* Frameworks */,
				02A6189D27EB60020073E0F5 /* Resources */,
			);
			buildRules = (
			);
			dependencies = (
				02A618A127EB60020073E0F5 /* PBXTargetDependency */,
			);
			name = loginscreenUITests;
			productName = loginscreenUITests;
			productReference = 02A6189F27EB60020073E0F5 /* loginscreenUITests.xctest */;
			productType = "com.apple.product-type.bundle.ui-testing";
		};
/* End PBXNativeTarget section */

/* Begin PBXProject section */
		02A6187727EB5FFE0073E0F5 /* Project object */ = {
			isa = PBXProject;
			attributes = {
				BuildIndependentTargetsInParallel = 1;
				LastSwiftUpdateCheck = 1330;
				LastUpgradeCheck = 1330;
				TargetAttributes = {
					02A6187E27EB5FFE0073E0F5 = {
						CreatedOnToolsVersion = 13.3;
					};
					02A6189427EB60020073E0F5 = {
						CreatedOnToolsVersion = 13.3;
						TestTargetID = 02A6187E27EB5FFE0073E0F5;
					};
					02A6189E27EB60020073E0F5 = {
						CreatedOnToolsVersion = 13.3;
						TestTargetID = 02A6187E27EB5FFE0073E0F5;
					};
				};
			};
			buildConfigurationList = 02A6187A27EB5FFE0073E0F5 /* Build configuration list for PBXProject "loginscreen" */;
			compatibilityVersion = "Xcode 13.0";
			developmentRegion = en;
			hasScannedForEncodings = 0;
			knownRegions = (
				en,
				Base,
			);
			mainGroup = 02A6187627EB5FFE0073E0F5;
			productRefGroup = 02A6188027EB5FFE0073E0F5 /* Products */;
			projectDirPath = "";
			projectRoot = "";
			targets = (
				02A6187E27EB5FFE0073E0F5 /* loginscreen */,
				02A6189427EB60020073E0F5 /* loginscreenTests */,
				02A6189E27EB60020073E0F5 /* loginscreenUITests */,
			);
		};
/* End PBXProject section */

/* Begin PBXResourcesBuildPhase section */
		02A6187D27EB5FFE0073E0F5 /* Resources */ = {
			isa = PBXResourcesBuildPhase;
			buildActionMask = 2147483647;
			files = (
				02A6188F27EB60020073E0F5 /* LaunchScreen.storyboard in Resources */,
				02A6188C27EB60020073E0F5 /* Assets.xcassets in Resources */,
				02A6188A27EB5FFE0073E0F5 /* Main.storyboard in Resources */,
			);
			runOnlyForDeploymentPostprocessing = 0;
		};
		02A6189327EB60020073E0F5 /* Resources */ = {
			isa = PBXResourcesBuildPhase;
			buildActionMask = 2147483647;
			files = (
			);
			runOnlyForDeploymentPostprocessing = 0;
		};
		02A6189D27EB60020073E0F5 /* Resources */ = {
			isa = PBXResourcesBuildPhase;
			buildActionMask = 2147483647;
			files = (
			);
			runOnlyForDeploymentPostprocessing = 0;
		};
/* End PBXResourcesBuildPhase section */

/* Begin PBXSourcesBuildPhase section */
		02A6187B27EB5FFE0073E0F5 /* Sources */ = {
			isa = PBXSourcesBuildPhase;
			buildActionMask = 2147483647;
			files = (
				02A6188727EB5FFE0073E0F5 /* LoginViewController.swift in Sources */,
				02A6188327EB5FFE0073E0F5 /* AppDelegate.swift in Sources */,
				02A6188527EB5FFE0073E0F5 /* SceneDelegate.swift in Sources */,
				02F7EF1027EB82F60023DBFC /* SettingViewController.swift in Sources */,
			);
			runOnlyForDeploymentPostprocessing = 0;
		};
		02A6189127EB60020073E0F5 /* Sources */ = {
			isa = PBXSourcesBuildPhase;
			buildActionMask = 2147483647;
			files = (
				02A6189A27EB60020073E0F5 /* loginscreenTests.swift in Sources */,
			);
			runOnlyForDeploymentPostprocessing = 0;
		};
		02A6189B27EB60020073E0F5 /* Sources */ = {
			isa = PBXSourcesBuildPhase;
			buildActionMask = 2147483647;
			files = (
				02A618A627EB60020073E0F5 /* loginscreenUITestsLaunchTests.swift in Sources */,
				02A618A427EB60020073E0F5 /* loginscreenUITests.swift in Sources */,
			);
			runOnlyForDeploymentPostprocessing = 0;
		};
/* End PBXSourcesBuildPhase section */

/* Begin PBXTargetDependency section */
		02A6189727EB60020073E0F5 /* PBXTargetDependency */ = {
			isa = PBXTargetDependency;
			target = 02A6187E27EB5FFE0073E0F5 /* loginscreen */;
			targetProxy = 02A6189627EB60020073E0F5 /* PBXContainerItemProxy */;
		};
		02A618A127EB60020073E0F5 /* PBXTargetDependency */ = {
			isa = PBXTargetDependency;
			target = 02A6187E27EB5FFE0073E0F5 /* loginscreen */;
			targetProxy = 02A618A027EB60020073E0F5 /* PBXContainerItemProxy */;
		};
/* End PBXTargetDependency section */

/* Begin PBXVariantGroup section */
		02A6188827EB5FFE0073E0F5 /* Main.storyboard */ = {
			isa = PBXVariantGroup;
			children = (
				02A6188927EB5FFE0073E0F5 /* Base */,
			);
			name = Main.storyboard;
			sourceTree = "<group>";
		};
		02A6188D27EB60020073E0F5 /* LaunchScreen.storyboard */ = {
			isa = PBXVariantGroup;
			children = (
				02A6188E27EB60020073E0F5 /* Base */,
			);
			name = LaunchScreen.storyboard;
			sourceTree = "<group>";
		};
/* End PBXVariantGroup section */

/* Begin XCBuildConfiguration section */
		02A618A727EB60020073E0F5 /* Debug */ = {
			isa = XCBuildConfiguration;
			buildSettings = {
				ALWAYS_SEARCH_USER_PATHS = NO;
				CLANG_ANALYZER_NONNULL = YES;
				CLANG_ANALYZER_NUMBER_OBJECT_CONVERSION = YES_AGGRESSIVE;
				CLANG_CXX_LANGUAGE_STANDARD = "gnu++17";
				CLANG_ENABLE_MODULES = YES;
				CLANG_ENABLE_OBJC_ARC = YES;
				CLANG_ENABLE_OBJC_WEAK = YES;
				CLANG_WARN_BLOCK_CAPTURE_AUTORELEASING = YES;
				CLANG_WARN_BOOL_CONVERSION = YES;
				CLANG_WARN_COMMA = YES;
				CLANG_WARN_CONSTANT_CONVERSION = YES;
				CLANG_WARN_DEPRECATED_OBJC_IMPLEMENTATIONS = YES;
				CLANG_WARN_DIRECT_OBJC_ISA_USAGE = YES_ERROR;
				CLANG_WARN_DOCUMENTATION_COMMENTS = YES;
				CLANG_WARN_EMPTY_BODY = YES;
				CLANG_WARN_ENUM_CONVERSION = YES;
				CLANG_WARN_INFINITE_RECURSION = YES;
				CLANG_WARN_INT_CONVERSION = YES;
				CLANG_WARN_NON_LITERAL_NULL_CONVERSION = YES;
				CLANG_WARN_OBJC_IMPLICIT_RETAIN_SELF = YES;
				CLANG_WARN_OBJC_LITERAL_CONVERSION = YES;
				CLANG_WARN_OBJC_ROOT_CLASS = YES_ERROR;
				CLANG_WARN_QUOTED_INCLUDE_IN_FRAMEWORK_HEADER = YES;
				CLANG_WARN_RANGE_LOOP_ANALYSIS = YES;
				CLANG_WARN_STRICT_PROTOTYPES = YES;
				CLANG_WARN_SUSPICIOUS_MOVE = YES;
				CLANG_WARN_UNGUARDED_AVAILABILITY = YES_AGGRESSIVE;
				CLANG_WARN_UNREACHABLE_CODE = YES;
				CLANG_WARN__DUPLICATE_METHOD_MATCH = YES;
				COPY_PHASE_STRIP = NO;
				DEBUG_INFORMATION_FORMAT = dwarf;
				ENABLE_STRICT_OBJC_MSGSEND = YES;
				ENABLE_TESTABILITY = YES;
				GCC_C_LANGUAGE_STANDARD = gnu11;
				GCC_DYNAMIC_NO_PIC = NO;
				GCC_NO_COMMON_BLOCKS = YES;
				GCC_OPTIMIZATION_LEVEL = 0;
				GCC_PREPROCESSOR_DEFINITIONS = (
					"DEBUG=1",
					"$(inherited)",
				);
				GCC_WARN_64_TO_32_BIT_CONVERSION = YES;
				GCC_WARN_ABOUT_RETURN_TYPE = YES_ERROR;
				GCC_WARN_UNDECLARED_SELECTOR = YES;
				GCC_WARN_UNINITIALIZED_AUTOS = YES_AGGRESSIVE;
				GCC_WARN_UNUSED_FUNCTION = YES;
				GCC_WARN_UNUSED_VARIABLE = YES;
				IPHONEOS_DEPLOYMENT_TARGET = 15.4;
				MTL_ENABLE_DEBUG_INFO = INCLUDE_SOURCE;
				MTL_FAST_MATH = YES;
				ONLY_ACTIVE_ARCH = YES;
				SDKROOT = iphoneos;
				SWIFT_ACTIVE_COMPILATION_CONDITIONS = DEBUG;
				SWIFT_OPTIMIZATION_LEVEL = "-Onone";
			};
			name = Debug;
		};
		02A618A827EB60020073E0F5 /* Release */ = {
			isa = XCBuildConfiguration;
			buildSettings = {
				ALWAYS_SEARCH_USER_PATHS = NO;
				CLANG_ANALYZER_NONNULL = YES;
				CLANG_ANALYZER_NUMBER_OBJECT_CONVERSION = YES_AGGRESSIVE;
				CLANG_CXX_LANGUAGE_STANDARD = "gnu++17";
				CLANG_ENABLE_MODULES = YES;
				CLANG_ENABLE_OBJC_ARC = YES;
				CLANG_ENABLE_OBJC_WEAK = YES;
				CLANG_WARN_BLOCK_CAPTURE_AUTORELEASING = YES;
				CLANG_WARN_BOOL_CONVERSION = YES;
				CLANG_WARN_COMMA = YES;
				CLANG_WARN_CONSTANT_CONVERSION = YES;
				CLANG_WARN_DEPRECATED_OBJC_IMPLEMENTATIONS = YES;
				CLANG_WARN_DIRECT_OBJC_ISA_USAGE = YES_ERROR;
				CLANG_WARN_DOCUMENTATION_COMMENTS = YES;
				CLANG_WARN_EMPTY_BODY = YES;
				CLANG_WARN_ENUM_CONVERSION = YES;
				CLANG_WARN_INFINITE_RECURSION = YES;
				CLANG_WARN_INT_CONVERSION = YES;
				CLANG_WARN_NON_LITERAL_NULL_CONVERSION = YES;
				CLANG_WARN_OBJC_IMPLICIT_RETAIN_SELF = YES;
				CLANG_WARN_OBJC_LITERAL_CONVERSION = YES;
				CLANG_WARN_OBJC_ROOT_CLASS = YES_ERROR;
				CLANG_WARN_QUOTED_INCLUDE_IN_FRAMEWORK_HEADER = YES;
				CLANG_WARN_RANGE_LOOP_ANALYSIS = YES;
				CLANG_WARN_STRICT_PROTOTYPES = YES;
				CLANG_WARN_SUSPICIOUS_MOVE = YES;
				CLANG_WARN_UNGUARDED_AVAILABILITY = YES_AGGRESSIVE;
				CLANG_WARN_UNREACHABLE_CODE = YES;
				CLANG_WARN__DUPLICATE_METHOD_MATCH = YES;
				COPY_PHASE_STRIP = NO;
				DEBUG_INFORMATION_FORMAT = "dwarf-with-dsym";
				ENABLE_NS_ASSERTIONS = NO;
				ENABLE_STRICT_OBJC_MSGSEND = YES;
				GCC_C_LANGUAGE_STANDARD = gnu11;
				GCC_NO_COMMON_BLOCKS = YES;
				GCC_WARN_64_TO_32_BIT_CONVERSION = YES;
				GCC_WARN_ABOUT_RETURN_TYPE = YES_ERROR;
				GCC_WARN_UNDECLARED_SELECTOR = YES;
				GCC_WARN_UNINITIALIZED_AUTOS = YES_AGGRESSIVE;
				GCC_WARN_UNUSED_FUNCTION = YES;
				GCC_WARN_UNUSED_VARIABLE = YES;
				IPHONEOS_DEPLOYMENT_TARGET = 15.4;
				MTL_ENABLE_DEBUG_INFO = NO;
				MTL_FAST_MATH = YES;
				SDKROOT = iphoneos;
				SWIFT_COMPILATION_MODE = wholemodule;
				SWIFT_OPTIMIZATION_LEVEL = "-O";
				VALIDATE_PRODUCT = YES;
			};
			name = Release;
		};
		02A618AA27EB60020073E0F5 /* Debug */ = {
			isa = XCBuildConfiguration;
			buildSettings = {
				ASSETCATALOG_COMPILER_APPICON_NAME = AppIcon;
				ASSETCATALOG_COMPILER_GLOBAL_ACCENT_COLOR_NAME = AccentColor;
				CODE_SIGN_STYLE = Automatic;
				CURRENT_PROJECT_VERSION = 1;
				GENERATE_INFOPLIST_FILE = YES;
				INFOPLIST_FILE = loginscreen/Info.plist;
				INFOPLIST_KEY_UIApplicationSupportsIndirectInputEvents = YES;
				INFOPLIST_KEY_UILaunchStoryboardName = LaunchScreen;
				INFOPLIST_KEY_UIMainStoryboardFile = Main;
				INFOPLIST_KEY_UISupportedInterfaceOrientations_iPad = "UIInterfaceOrientationPortrait UIInterfaceOrientationPortraitUpsideDown UIInterfaceOrientationLandscapeLeft UIInterfaceOrientationLandscapeRight";
				INFOPLIST_KEY_UISupportedInterfaceOrientations_iPhone = "UIInterfaceOrientationPortrait UIInterfaceOrientationLandscapeLeft UIInterfaceOrientationLandscapeRight";
				LD_RUNPATH_SEARCH_PATHS = (
					"$(inherited)",
					"@executable_path/Frameworks",
				);
				MARKETING_VERSION = 1.0;
				PRODUCT_BUNDLE_IDENTIFIER = lige.comn.loginscreen;
				PRODUCT_NAME = "$(TARGET_NAME)";
				SWIFT_EMIT_LOC_STRINGS = YES;
				SWIFT_VERSION = 5.0;
				TARGETED_DEVICE_FAMILY = "1,2";
			};
			name = Debug;
		};
		02A618AB27EB60020073E0F5 /* Release */ = {
			isa = XCBuildConfiguration;
			buildSettings = {
				ASSETCATALOG_COMPILER_APPICON_NAME = AppIcon;
				ASSETCATALOG_COMPILER_GLOBAL_ACCENT_COLOR_NAME = AccentColor;
				CODE_SIGN_STYLE = Automatic;
				CURRENT_PROJECT_VERSION = 1;
				GENERATE_INFOPLIST_FILE = YES;
				INFOPLIST_FILE = loginscreen/Info.plist;
				INFOPLIST_KEY_UIApplicationSupportsIndirectInputEvents = YES;
				INFOPLIST_KEY_UILaunchStoryboardName = LaunchScreen;
				INFOPLIST_KEY_UIMainStoryboardFile = Main;
				INFOPLIST_KEY_UISupportedInterfaceOrientations_iPad = "UIInterfaceOrientationPortrait UIInterfaceOrientationPortraitUpsideDown UIInterfaceOrientationLandscapeLeft UIInterfaceOrientationLandscapeRight";
				INFOPLIST_KEY_UISupportedInterfaceOrientations_iPhone = "UIInterfaceOrientationPortrait UIInterfaceOrientationLandscapeLeft UIInterfaceOrientationLandscapeRight";
				LD_RUNPATH_SEARCH_PATHS = (
					"$(inherited)",
					"@executable_path/Frameworks",
				);
				MARKETING_VERSION = 1.0;
				PRODUCT_BUNDLE_IDENTIFIER = lige.comn.loginscreen;
				PRODUCT_NAME = "$(TARGET_NAME)";
				SWIFT_EMIT_LOC_STRINGS = YES;
				SWIFT_VERSION = 5.0;
				TARGETED_DEVICE_FAMILY = "1,2";
			};
			name = Release;
		};
		02A618AD27EB60020073E0F5 /* Debug */ = {
			isa = XCBuildConfiguration;
			buildSettings = {
				ALWAYS_EMBED_SWIFT_STANDARD_LIBRARIES = YES;
				BUNDLE_LOADER = "$(TEST_HOST)";
				CODE_SIGN_STYLE = Automatic;
				CURRENT_PROJECT_VERSION = 1;
				GENERATE_INFOPLIST_FILE = YES;
				IPHONEOS_DEPLOYMENT_TARGET = 15.4;
				MARKETING_VERSION = 1.0;
				PRODUCT_BUNDLE_IDENTIFIER = lige.comn.loginscreenTests;
				PRODUCT_NAME = "$(TARGET_NAME)";
				SWIFT_EMIT_LOC_STRINGS = NO;
				SWIFT_VERSION = 5.0;
				TARGETED_DEVICE_FAMILY = "1,2";
				TEST_HOST = "$(BUILT_PRODUCTS_DIR)/loginscreen.app/loginscreen";
			};
			name = Debug;
		};
		02A618AE27EB60020073E0F5 /* Release */ = {
			isa = XCBuildConfiguration;
			buildSettings = {
				ALWAYS_EMBED_SWIFT_STANDARD_LIBRARIES = YES;
				BUNDLE_LOADER = "$(TEST_HOST)";
				CODE_SIGN_STYLE = Automatic;
				CURRENT_PROJECT_VERSION = 1;
				GENERATE_INFOPLIST_FILE = YES;
				IPHONEOS_DEPLOYMENT_TARGET = 15.4;
				MARKETING_VERSION = 1.0;
				PRODUCT_BUNDLE_IDENTIFIER = lige.comn.loginscreenTests;
				PRODUCT_NAME = "$(TARGET_NAME)";
				SWIFT_EMIT_LOC_STRINGS = NO;
				SWIFT_VERSION = 5.0;
				TARGETED_DEVICE_FAMILY = "1,2";
				TEST_HOST = "$(BUILT_PRODUCTS_DIR)/loginscreen.app/loginscreen";
			};
			name = Release;
		};
		02A618B027EB60020073E0F5 /* Debug */ = {
			isa = XCBuildConfiguration;
			buildSettings = {
				ALWAYS_EMBED_SWIFT_STANDARD_LIBRARIES = YES;
				CODE_SIGN_STYLE = Automatic;
				CURRENT_PROJECT_VERSION = 1;
				GENERATE_INFOPLIST_FILE = YES;
				MARKETING_VERSION = 1.0;
				PRODUCT_BUNDLE_IDENTIFIER = lige.comn.loginscreenUITests;
				PRODUCT_NAME = "$(TARGET_NAME)";
				SWIFT_EMIT_LOC_STRINGS = NO;
				SWIFT_VERSION = 5.0;
				TARGETED_DEVICE_FAMILY = "1,2";
				TEST_TARGET_NAME = loginscreen;
			};
			name = Debug;
		};
		02A618B127EB60020073E0F5 /* Release */ = {
			isa = XCBuildConfiguration;
			buildSettings = {
				ALWAYS_EMBED_SWIFT_STANDARD_LIBRARIES = YES;
				CODE_SIGN_STYLE = Automatic;
				CURRENT_PROJECT_VERSION = 1;
				GENERATE_INFOPLIST_FILE = YES;
				MARKETING_VERSION = 1.0;
				PRODUCT_BUNDLE_IDENTIFIER = lige.comn.loginscreenUITests;
				PRODUCT_NAME = "$(TARGET_NAME)";
				SWIFT_EMIT_LOC_STRINGS = NO;
				SWIFT_VERSION = 5.0;
				TARGETED_DEVICE_FAMILY = "1,2";
				TEST_TARGET_NAME = loginscreen;
			};
			name = Release;
		};
/* End XCBuildConfiguration section */

/* Begin XCConfigurationList section */
		02A6187A27EB5FFE0073E0F5 /* Build configuration list for PBXProject "loginscreen" */ = {
			isa = XCConfigurationList;
			buildConfigurations = (
				02A618A727EB60020073E0F5 /* Debug */,
				02A618A827EB60020073E0F5 /* Release */,
			);
			defaultConfigurationIsVisible = 0;
			defaultConfigurationName = Release;
		};
		02A618A927EB60020073E0F5 /* Build configuration list for PBXNativeTarget "loginscreen" */ = {
			isa = XCConfigurationList;
			buildConfigurations = (
				02A618AA27EB60020073E0F5 /* Debug */,
				02A618AB27EB60020073E0F5 /* Release */,
			);
			defaultConfigurationIsVisible = 0;
			defaultConfigurationName = Release;
		};
		02A618AC27EB60020073E0F5 /* Build configuration list for PBXNativeTarget "loginscreenTests" */ = {
			isa = XCConfigurationList;
			buildConfigurations = (
				02A618AD27EB60020073E0F5 /* Debug */,
				02A618AE27EB60020073E0F5 /* Release */,
			);
			defaultConfigurationIsVisible = 0;
			defaultConfigurationName = Release;
		};
		02A618AF27EB60020073E0F5 /* Build configuration list for PBXNativeTarget "loginscreenUITests" */ = {
			isa = XCConfigurationList;
			buildConfigurations = (
				02A618B027EB60020073E0F5 /* Debug */,
				02A618B127EB60020073E0F5 /* Release */,
			);
			defaultConfigurationIsVisible = 0;
			defaultConfigurationName = Release;
		};
/* End XCConfigurationList section */
	};
	rootObject = 02A6187727EB5FFE0073E0F5 /* Project object */;
}
